// !$*UTF8*$!
{
	archiveVersion = 1;
	classes = {
	};
	objectVersion = 77;
	objects = {

/* Begin PBXBuildFile section */
		FB21234C2EE70EEA00602C58 /* BinaryParsing in Frameworks */ = {isa = PBXBuildFile; productRef = FB21234B2EE70EEA00602C58 /* BinaryParsing */; };
		FB21235B2EE711A800602C58 /* Log4swift in Frameworks */ = {isa = PBXBuildFile; productRef = FB21235A2EE711A800602C58 /* Log4swift */; };
		FB21235E2EE711EE00602C58 /* IDDSwift in Frameworks */ = {isa = PBXBuildFile; productRef = FB21235D2EE711EE00602C58 /* IDDSwift */; };
/* End PBXBuildFile section */

/* Begin PBXContainerItemProxy section */
		FB21232A2EE6435000602C58 /* PBXContainerItemProxy */ = {
			isa = PBXContainerItemProxy;
			containerPortal = FB2123142EE6434F00602C58 /* Project object */;
			proxyType = 1;
			remoteGlobalIDString = FB21231B2EE6434F00602C58;
			remoteInfo = QOIParser;
		};
		FB2123342EE6435000602C58 /* PBXContainerItemProxy */ = {
			isa = PBXContainerItemProxy;
			containerPortal = FB2123142EE6434F00602C58 /* Project object */;
			proxyType = 1;
			remoteGlobalIDString = FB21231B2EE6434F00602C58;
			remoteInfo = QOIParser;
		};
/* End PBXContainerItemProxy section */

/* Begin PBXFileReference section */
		FB21231C2EE6434F00602C58 /* QOIParser.app */ = {isa = PBXFileReference; explicitFileType = wrapper.application; includeInIndex = 0; path = QOIParser.app; sourceTree = BUILT_PRODUCTS_DIR; };
		FB2123292EE6435000602C58 /* QOIParserTests.xctest */ = {isa = PBXFileReference; explicitFileType = wrapper.cfbundle; includeInIndex = 0; path = QOIParserTests.xctest; sourceTree = BUILT_PRODUCTS_DIR; };
		FB2123332EE6435000602C58 /* QOIParserUITests.xctest */ = {isa = PBXFileReference; explicitFileType = wrapper.cfbundle; includeInIndex = 0; path = QOIParserUITests.xctest; sourceTree = BUILT_PRODUCTS_DIR; };
/* End PBXFileReference section */

/* Begin PBXFileSystemSynchronizedRootGroup section */
		FB21231E2EE6434F00602C58 /* QOIParser */ = {
			isa = PBXFileSystemSynchronizedRootGroup;
			path = QOIParser;
			sourceTree = "<group>";
		};
		FB21232C2EE6435000602C58 /* QOIParserTests */ = {
			isa = PBXFileSystemSynchronizedRootGroup;
			path = QOIParserTests;
			sourceTree = "<group>";
		};
		FB2123362EE6435000602C58 /* QOIParserUITests */ = {
			isa = PBXFileSystemSynchronizedRootGroup;
			path = QOIParserUITests;
			sourceTree = "<group>";
		};
/* End PBXFileSystemSynchronizedRootGroup section */

/* Begin PBXFrameworksBuildPhase section */
		FB2123192EE6434F00602C58 /* Frameworks */ = {
			isa = PBXFrameworksBuildPhase;
			buildActionMask = 2147483647;
			files = (
				FB21235B2EE711A800602C58 /* Log4swift in Frameworks */,
				FB21234C2EE70EEA00602C58 /* BinaryParsing in Frameworks */,
				FB21235E2EE711EE00602C58 /* IDDSwift in Frameworks */,
			);
			runOnlyForDeploymentPostprocessing = 0;
		};
		FB2123262EE6435000602C58 /* Frameworks */ = {
			isa = PBXFrameworksBuildPhase;
			buildActionMask = 2147483647;
			files = (
			);
			runOnlyForDeploymentPostprocessing = 0;
		};
		FB2123302EE6435000602C58 /* Frameworks */ = {
			isa = PBXFrameworksBuildPhase;
			buildActionMask = 2147483647;
			files = (
			);
			runOnlyForDeploymentPostprocessing = 0;
		};
/* End PBXFrameworksBuildPhase section */

/* Begin PBXGroup section */
		FB2123132EE6434F00602C58 = {
			isa = PBXGroup;
			children = (
				FB21231E2EE6434F00602C58 /* QOIParser */,
				FB21232C2EE6435000602C58 /* QOIParserTests */,
				FB2123362EE6435000602C58 /* QOIParserUITests */,
				FB21231D2EE6434F00602C58 /* Products */,
			);
			sourceTree = "<group>";
		};
		FB21231D2EE6434F00602C58 /* Products */ = {
			isa = PBXGroup;
			children = (
				FB21231C2EE6434F00602C58 /* QOIParser.app */,
				FB2123292EE6435000602C58 /* QOIParserTests.xctest */,
				FB2123332EE6435000602C58 /* QOIParserUITests.xctest */,
			);
			name = Products;
			sourceTree = "<group>";
		};
/* End PBXGroup section */

/* Begin PBXNativeTarget section */
		FB21231B2EE6434F00602C58 /* QOIParser */ = {
			isa = PBXNativeTarget;
			buildConfigurationList = FB21233D2EE6435000602C58 /* Build configuration list for PBXNativeTarget "QOIParser" */;
			buildPhases = (
				FB2123182EE6434F00602C58 /* Sources */,
				FB2123192EE6434F00602C58 /* Frameworks */,
				FB21231A2EE6434F00602C58 /* Resources */,
			);
			buildRules = (
			);
			dependencies = (
			);
			fileSystemSynchronizedGroups = (
				FB21231E2EE6434F00602C58 /* QOIParser */,
			);
			name = QOIParser;
			packageProductDependencies = (
				FB21234B2EE70EEA00602C58 /* BinaryParsing */,
				FB21235A2EE711A800602C58 /* Log4swift */,
				FB21235D2EE711EE00602C58 /* IDDSwift */,
			);
			productName = QOIParser;
			productReference = FB21231C2EE6434F00602C58 /* QOIParser.app */;
			productType = "com.apple.product-type.application";
		};
		FB2123282EE6435000602C58 /* QOIParserTests */ = {
			isa = PBXNativeTarget;
			buildConfigurationList = FB2123402EE6435000602C58 /* Build configuration list for PBXNativeTarget "QOIParserTests" */;
			buildPhases = (
				FB2123252EE6435000602C58 /* Sources */,
				FB2123262EE6435000602C58 /* Frameworks */,
				FB2123272EE6435000602C58 /* Resources */,
			);
			buildRules = (
			);
			dependencies = (
				FB21232B2EE6435000602C58 /* PBXTargetDependency */,
			);
			fileSystemSynchronizedGroups = (
				FB21232C2EE6435000602C58 /* QOIParserTests */,
			);
			name = QOIParserTests;
			packageProductDependencies = (
			);
			productName = QOIParserTests;
			productReference = FB2123292EE6435000602C58 /* QOIParserTests.xctest */;
			productType = "com.apple.product-type.bundle.unit-test";
		};
		FB2123322EE6435000602C58 /* QOIParserUITests */ = {
			isa = PBXNativeTarget;
			buildConfigurationList = FB2123432EE6435000602C58 /* Build configuration list for PBXNativeTarget "QOIParserUITests" */;
			buildPhases = (
				FB21232F2EE6435000602C58 /* Sources */,
				FB2123302EE6435000602C58 /* Frameworks */,
				FB2123312EE6435000602C58 /* Resources */,
			);
			buildRules = (
			);
			dependencies = (
				FB2123352EE6435000602C58 /* PBXTargetDependency */,
			);
			fileSystemSynchronizedGroups = (
				FB2123362EE6435000602C58 /* QOIParserUITests */,
			);
			name = QOIParserUITests;
			packageProductDependencies = (
			);
			productName = QOIParserUITests;
			productReference = FB2123332EE6435000602C58 /* QOIParserUITests.xctest */;
			productType = "com.apple.product-type.bundle.ui-testing";
		};
/* End PBXNativeTarget section */

/* Begin PBXProject section */
		FB2123142EE6434F00602C58 /* Project object */ = {
			isa = PBXProject;
			attributes = {
				BuildIndependentTargetsInParallel = 1;
				LastSwiftUpdateCheck = 2610;
				LastUpgradeCheck = 2610;
				TargetAttributes = {
					FB21231B2EE6434F00602C58 = {
						CreatedOnToolsVersion = 26.1.1;
					};
					FB2123282EE6435000602C58 = {
						CreatedOnToolsVersion = 26.1.1;
						TestTargetID = FB21231B2EE6434F00602C58;
					};
					FB2123322EE6435000602C58 = {
						CreatedOnToolsVersion = 26.1.1;
						TestTargetID = FB21231B2EE6434F00602C58;
					};
				};
			};
			buildConfigurationList = FB2123172EE6434F00602C58 /* Build configuration list for PBXProject "QOIParser" */;
			developmentRegion = en;
			hasScannedForEncodings = 0;
			knownRegions = (
				en,
				Base,
			);
			mainGroup = FB2123132EE6434F00602C58;
			minimizedProjectReferenceProxies = 1;
			packageReferences = (
				FB21234A2EE70EEA00602C58 /* XCRemoteSwiftPackageReference "swift-binary-parsing" */,
				FB2123592EE711A800602C58 /* XCRemoteSwiftPackageReference "idd-log4-swift" */,
				FB21235C2EE711EE00602C58 /* XCRemoteSwiftPackageReference "idd-swift" */,
			);
			preferredProjectObjectVersion = 77;
			productRefGroup = FB21231D2EE6434F00602C58 /* Products */;
			projectDirPath = "";
			projectRoot = "";
			targets = (
				FB21231B2EE6434F00602C58 /* QOIParser */,
				FB2123282EE6435000602C58 /* QOIParserTests */,
				FB2123322EE6435000602C58 /* QOIParserUITests */,
			);
		};
/* End PBXProject section */

/* Begin PBXResourcesBuildPhase section */
		FB21231A2EE6434F00602C58 /* Resources */ = {
			isa = PBXResourcesBuildPhase;
			buildActionMask = 2147483647;
			files = (
			);
			runOnlyForDeploymentPostprocessing = 0;
		};
		FB2123272EE6435000602C58 /* Resources */ = {
			isa = PBXResourcesBuildPhase;
			buildActionMask = 2147483647;
			files = (
			);
			runOnlyForDeploymentPostprocessing = 0;
		};
		FB2123312EE6435000602C58 /* Resources */ = {
			isa = PBXResourcesBuildPhase;
			buildActionMask = 2147483647;
			files = (
			);
			runOnlyForDeploymentPostprocessing = 0;
		};
/* End PBXResourcesBuildPhase section */

/* Begin PBXSourcesBuildPhase section */
		FB2123182EE6434F00602C58 /* Sources */ = {
			isa = PBXSourcesBuildPhase;
			buildActionMask = 2147483647;
			files = (
			);
			runOnlyForDeploymentPostprocessing = 0;
		};
		FB2123252EE6435000602C58 /* Sources */ = {
			isa = PBXSourcesBuildPhase;
			buildActionMask = 2147483647;
			files = (
			);
			runOnlyForDeploymentPostprocessing = 0;
		};
		FB21232F2EE6435000602C58 /* Sources */ = {
			isa = PBXSourcesBuildPhase;
			buildActionMask = 2147483647;
			files = (
			);
			runOnlyForDeploymentPostprocessing = 0;
		};
/* End PBXSourcesBuildPhase section */

/* Begin PBXTargetDependency section */
		FB21232B2EE6435000602C58 /* PBXTargetDependency */ = {
			isa = PBXTargetDependency;
			target = FB21231B2EE6434F00602C58 /* QOIParser */;
			targetProxy = FB21232A2EE6435000602C58 /* PBXContainerItemProxy */;
		};
		FB2123352EE6435000602C58 /* PBXTargetDependency */ = {
			isa = PBXTargetDependency;
			target = FB21231B2EE6434F00602C58 /* QOIParser */;
			targetProxy = FB2123342EE6435000602C58 /* PBXContainerItemProxy */;
		};
/* End PBXTargetDependency section */

/* Begin XCBuildConfiguration section */
		FB21233B2EE6435000602C58 /* Debug */ = {
			isa = XCBuildConfiguration;
			buildSettings = {
				ALWAYS_SEARCH_USER_PATHS = NO;
				ASSETCATALOG_COMPILER_GENERATE_SWIFT_ASSET_SYMBOL_EXTENSIONS = YES;
				CLANG_ANALYZER_NONNULL = YES;
				CLANG_ANALYZER_NUMBER_OBJECT_CONVERSION = YES_AGGRESSIVE;
				CLANG_CXX_LANGUAGE_STANDARD = "gnu++20";
				CLANG_ENABLE_MODULES = YES;
				CLANG_ENABLE_OBJC_ARC = YES;
				CLANG_ENABLE_OBJC_WEAK = YES;
				CLANG_WARN_BLOCK_CAPTURE_AUTORELEASING = YES;
				CLANG_WARN_BOOL_CONVERSION = YES;
				CLANG_WARN_COMMA = YES;
				CLANG_WARN_CONSTANT_CONVERSION = YES;
				CLANG_WARN_DEPRECATED_OBJC_IMPLEMENTATIONS = YES;
				CLANG_WARN_DIRECT_OBJC_ISA_USAGE = YES_ERROR;
				CLANG_WARN_DOCUMENTATION_COMMENTS = YES;
				CLANG_WARN_EMPTY_BODY = YES;
				CLANG_WARN_ENUM_CONVERSION = YES;
				CLANG_WARN_INFINITE_RECURSION = YES;
				CLANG_WARN_INT_CONVERSION = YES;
				CLANG_WARN_NON_LITERAL_NULL_CONVERSION = YES;
				CLANG_WARN_OBJC_IMPLICIT_RETAIN_SELF = YES;
				CLANG_WARN_OBJC_LITERAL_CONVERSION = YES;
				CLANG_WARN_OBJC_ROOT_CLASS = YES_ERROR;
				CLANG_WARN_QUOTED_INCLUDE_IN_FRAMEWORK_HEADER = YES;
				CLANG_WARN_RANGE_LOOP_ANALYSIS = YES;
				CLANG_WARN_STRICT_PROTOTYPES = YES;
				CLANG_WARN_SUSPICIOUS_MOVE = YES;
				CLANG_WARN_UNGUARDED_AVAILABILITY = YES_AGGRESSIVE;
				CLANG_WARN_UNREACHABLE_CODE = YES;
				CLANG_WARN__DUPLICATE_METHOD_MATCH = YES;
				COPY_PHASE_STRIP = NO;
				DEBUG_INFORMATION_FORMAT = dwarf;
				DEVELOPMENT_TEAM = ME637H7ZM9;
				ENABLE_STRICT_OBJC_MSGSEND = YES;
				ENABLE_TESTABILITY = YES;
				ENABLE_USER_SCRIPT_SANDBOXING = YES;
				GCC_C_LANGUAGE_STANDARD = gnu17;
				GCC_DYNAMIC_NO_PIC = NO;
				GCC_NO_COMMON_BLOCKS = YES;
				GCC_OPTIMIZATION_LEVEL = 0;
				GCC_PREPROCESSOR_DEFINITIONS = (
					"DEBUG=1",
					"$(inherited)",
				);
				GCC_WARN_64_TO_32_BIT_CONVERSION = YES;
				GCC_WARN_ABOUT_RETURN_TYPE = YES_ERROR;
				GCC_WARN_UNDECLARED_SELECTOR = YES;
				GCC_WARN_UNINITIALIZED_AUTOS = YES_AGGRESSIVE;
				GCC_WARN_UNUSED_FUNCTION = YES;
				GCC_WARN_UNUSED_VARIABLE = YES;
				LOCALIZATION_PREFERS_STRING_CATALOGS = YES;
				MACOSX_DEPLOYMENT_TARGET = 15.6;
				MTL_ENABLE_DEBUG_INFO = INCLUDE_SOURCE;
				MTL_FAST_MATH = YES;
				ONLY_ACTIVE_ARCH = YES;
				SDKROOT = macosx;
				SWIFT_ACTIVE_COMPILATION_CONDITIONS = "DEBUG $(inherited)";
				SWIFT_OPTIMIZATION_LEVEL = "-Onone";
			};
			name = Debug;
		};
		FB21233C2EE6435000602C58 /* Release */ = {
			isa = XCBuildConfiguration;
			buildSettings = {
				ALWAYS_SEARCH_USER_PATHS = NO;
				ASSETCATALOG_COMPILER_GENERATE_SWIFT_ASSET_SYMBOL_EXTENSIONS = YES;
				CLANG_ANALYZER_NONNULL = YES;
				CLANG_ANALYZER_NUMBER_OBJECT_CONVERSION = YES_AGGRESSIVE;
				CLANG_CXX_LANGUAGE_STANDARD = "gnu++20";
				CLANG_ENABLE_MODULES = YES;
				CLANG_ENABLE_OBJC_ARC = YES;
				CLANG_ENABLE_OBJC_WEAK = YES;
				CLANG_WARN_BLOCK_CAPTURE_AUTORELEASING = YES;
				CLANG_WARN_BOOL_CONVERSION = YES;
				CLANG_WARN_COMMA = YES;
				CLANG_WARN_CONSTANT_CONVERSION = YES;
				CLANG_WARN_DEPRECATED_OBJC_IMPLEMENTATIONS = YES;
				CLANG_WARN_DIRECT_OBJC_ISA_USAGE = YES_ERROR;
				CLANG_WARN_DOCUMENTATION_COMMENTS = YES;
				CLANG_WARN_EMPTY_BODY = YES;
				CLANG_WARN_ENUM_CONVERSION = YES;
				CLANG_WARN_INFINITE_RECURSION = YES;
				CLANG_WARN_INT_CONVERSION = YES;
				CLANG_WARN_NON_LITERAL_NULL_CONVERSION = YES;
				CLANG_WARN_OBJC_IMPLICIT_RETAIN_SELF = YES;
				CLANG_WARN_OBJC_LITERAL_CONVERSION = YES;
				CLANG_WARN_OBJC_ROOT_CLASS = YES_ERROR;
				CLANG_WARN_QUOTED_INCLUDE_IN_FRAMEWORK_HEADER = YES;
				CLANG_WARN_RANGE_LOOP_ANALYSIS = YES;
				CLANG_WARN_STRICT_PROTOTYPES = YES;
				CLANG_WARN_SUSPICIOUS_MOVE = YES;
				CLANG_WARN_UNGUARDED_AVAILABILITY = YES_AGGRESSIVE;
				CLANG_WARN_UNREACHABLE_CODE = YES;
				CLANG_WARN__DUPLICATE_METHOD_MATCH = YES;
				COPY_PHASE_STRIP = NO;
				DEBUG_INFORMATION_FORMAT = "dwarf-with-dsym";
				DEVELOPMENT_TEAM = ME637H7ZM9;
				ENABLE_NS_ASSERTIONS = NO;
				ENABLE_STRICT_OBJC_MSGSEND = YES;
				ENABLE_USER_SCRIPT_SANDBOXING = YES;
				GCC_C_LANGUAGE_STANDARD = gnu17;
				GCC_NO_COMMON_BLOCKS = YES;
				GCC_WARN_64_TO_32_BIT_CONVERSION = YES;
				GCC_WARN_ABOUT_RETURN_TYPE = YES_ERROR;
				GCC_WARN_UNDECLARED_SELECTOR = YES;
				GCC_WARN_UNINITIALIZED_AUTOS = YES_AGGRESSIVE;
				GCC_WARN_UNUSED_FUNCTION = YES;
				GCC_WARN_UNUSED_VARIABLE = YES;
				LOCALIZATION_PREFERS_STRING_CATALOGS = YES;
				MACOSX_DEPLOYMENT_TARGET = 15.6;
				MTL_ENABLE_DEBUG_INFO = NO;
				MTL_FAST_MATH = YES;
				SDKROOT = macosx;
				SWIFT_COMPILATION_MODE = wholemodule;
			};
			name = Release;
		};
		FB21233E2EE6435000602C58 /* Debug */ = {
			isa = XCBuildConfiguration;
			buildSettings = {
				ASSETCATALOG_COMPILER_APPICON_NAME = AppIcon;
				ASSETCATALOG_COMPILER_GLOBAL_ACCENT_COLOR_NAME = AccentColor;
				CODE_SIGN_STYLE = Automatic;
				COMBINE_HIDPI_IMAGES = YES;
				CURRENT_PROJECT_VERSION = 1;
				DEVELOPMENT_TEAM = ME637H7ZM9;
				ENABLE_APP_SANDBOX = NO;
				ENABLE_HARDENED_RUNTIME = YES;
				ENABLE_PREVIEWS = YES;
				GENERATE_INFOPLIST_FILE = YES;
				INFOPLIST_KEY_NSHumanReadableCopyright = "";
				LD_RUNPATH_SEARCH_PATHS = (
					"$(inherited)",
					"@executable_path/../Frameworks",
				);
				MARKETING_VERSION = 1.0;
				PRODUCT_BUNDLE_IDENTIFIER = "com.id-design.v8.QOIParser";
				PRODUCT_NAME = "$(TARGET_NAME)";
				REGISTER_APP_GROUPS = YES;
				STRING_CATALOG_GENERATE_SYMBOLS = YES;
				SWIFT_EMIT_LOC_STRINGS = YES;
				SWIFT_UPCOMING_FEATURE_MEMBER_IMPORT_VISIBILITY = YES;
				SWIFT_VERSION = 6.0;
			};
			name = Debug;
		};
		FB21233F2EE6435000602C58 /* Release */ = {
			isa = XCBuildConfiguration;
			buildSettings = {
				ASSETCATALOG_COMPILER_APPICON_NAME = AppIcon;
				ASSETCATALOG_COMPILER_GLOBAL_ACCENT_COLOR_NAME = AccentColor;
				CODE_SIGN_STYLE = Automatic;
				COMBINE_HIDPI_IMAGES = YES;
				CURRENT_PROJECT_VERSION = 1;
				DEVELOPMENT_TEAM = ME637H7ZM9;
				ENABLE_APP_SANDBOX = NO;
				ENABLE_HARDENED_RUNTIME = YES;
				ENABLE_PREVIEWS = YES;
				GENERATE_INFOPLIST_FILE = YES;
				INFOPLIST_KEY_NSHumanReadableCopyright = "";
				LD_RUNPATH_SEARCH_PATHS = (
					"$(inherited)",
					"@executable_path/../Frameworks",
				);
				MARKETING_VERSION = 1.0;
				PRODUCT_BUNDLE_IDENTIFIER = "com.id-design.v8.QOIParser";
				PRODUCT_NAME = "$(TARGET_NAME)";
				REGISTER_APP_GROUPS = YES;
				STRING_CATALOG_GENERATE_SYMBOLS = YES;
				SWIFT_EMIT_LOC_STRINGS = YES;
				SWIFT_UPCOMING_FEATURE_MEMBER_IMPORT_VISIBILITY = YES;
				SWIFT_VERSION = 6.0;
			};
			name = Release;
		};
		FB2123412EE6435000602C58 /* Debug */ = {
			isa = XCBuildConfiguration;
			buildSettings = {
				BUNDLE_LOADER = "$(TEST_HOST)";
				CODE_SIGN_STYLE = Automatic;
				CURRENT_PROJECT_VERSION = 1;
				DEVELOPMENT_TEAM = ME637H7ZM9;
				GENERATE_INFOPLIST_FILE = YES;
				MACOSX_DEPLOYMENT_TARGET = 15.7;
				MARKETING_VERSION = 1.0;
				PRODUCT_BUNDLE_IDENTIFIER = "com.id-design.v8.QOIParserTests";
				PRODUCT_NAME = "$(TARGET_NAME)";
				STRING_CATALOG_GENERATE_SYMBOLS = NO;
				SWIFT_EMIT_LOC_STRINGS = NO;
				SWIFT_UPCOMING_FEATURE_MEMBER_IMPORT_VISIBILITY = YES;
				SWIFT_VERSION = 6.0;
				TEST_HOST = "$(BUILT_PRODUCTS_DIR)/QOIParser.app/$(BUNDLE_EXECUTABLE_FOLDER_PATH)/QOIParser";
			};
			name = Debug;
		};
		FB2123422EE6435000602C58 /* Release */ = {
			isa = XCBuildConfiguration;
			buildSettings = {
				BUNDLE_LOADER = "$(TEST_HOST)";
				CODE_SIGN_STYLE = Automatic;
				CURRENT_PROJECT_VERSION = 1;
				DEVELOPMENT_TEAM = ME637H7ZM9;
				GENERATE_INFOPLIST_FILE = YES;
				MACOSX_DEPLOYMENT_TARGET = 15.7;
				MARKETING_VERSION = 1.0;
				PRODUCT_BUNDLE_IDENTIFIER = "com.id-design.v8.QOIParserTests";
				PRODUCT_NAME = "$(TARGET_NAME)";
				STRING_CATALOG_GENERATE_SYMBOLS = NO;
				SWIFT_EMIT_LOC_STRINGS = NO;
				SWIFT_UPCOMING_FEATURE_MEMBER_IMPORT_VISIBILITY = YES;
				SWIFT_VERSION = 6.0;
				TEST_HOST = "$(BUILT_PRODUCTS_DIR)/QOIParser.app/$(BUNDLE_EXECUTABLE_FOLDER_PATH)/QOIParser";
			};
			name = Release;
		};
		FB2123442EE6435000602C58 /* Debug */ = {
			isa = XCBuildConfiguration;
			buildSettings = {
				CODE_SIGN_STYLE = Automatic;
				CURRENT_PROJECT_VERSION = 1;
				DEVELOPMENT_TEAM = ME637H7ZM9;
				GENERATE_INFOPLIST_FILE = YES;
				MARKETING_VERSION = 1.0;
				PRODUCT_BUNDLE_IDENTIFIER = "com.id-design.v8.QOIParserUITests";
				PRODUCT_NAME = "$(TARGET_NAME)";
				STRING_CATALOG_GENERATE_SYMBOLS = NO;
				SWIFT_EMIT_LOC_STRINGS = NO;
				SWIFT_UPCOMING_FEATURE_MEMBER_IMPORT_VISIBILITY = YES;
				SWIFT_VERSION = 6.0;
				TEST_TARGET_NAME = QOIParser;
			};
			name = Debug;
		};
		FB2123452EE6435000602C58 /* Release */ = {
			isa = XCBuildConfiguration;
			buildSettings = {
				CODE_SIGN_STYLE = Automatic;
				CURRENT_PROJECT_VERSION = 1;
				DEVELOPMENT_TEAM = ME637H7ZM9;
				GENERATE_INFOPLIST_FILE = YES;
				MARKETING_VERSION = 1.0;
				PRODUCT_BUNDLE_IDENTIFIER = "com.id-design.v8.QOIParserUITests";
				PRODUCT_NAME = "$(TARGET_NAME)";
				STRING_CATALOG_GENERATE_SYMBOLS = NO;
				SWIFT_EMIT_LOC_STRINGS = NO;
				SWIFT_UPCOMING_FEATURE_MEMBER_IMPORT_VISIBILITY = YES;
				SWIFT_VERSION = 6.0;
				TEST_TARGET_NAME = QOIParser;
			};
			name = Release;
		};
/* End XCBuildConfiguration section */

/* Begin XCConfigurationList section */
		FB2123172EE6434F00602C58 /* Build configuration list for PBXProject "QOIParser" */ = {
			isa = XCConfigurationList;
			buildConfigurations = (
				FB21233B2EE6435000602C58 /* Debug */,
				FB21233C2EE6435000602C58 /* Release */,
			);
			defaultConfigurationIsVisible = 0;
			defaultConfigurationName = Release;
		};
		FB21233D2EE6435000602C58 /* Build configuration list for PBXNativeTarget "QOIParser" */ = {
			isa = XCConfigurationList;
			buildConfigurations = (
				FB21233E2EE6435000602C58 /* Debug */,
				FB21233F2EE6435000602C58 /* Release */,
			);
			defaultConfigurationIsVisible = 0;
			defaultConfigurationName = Release;
		};
		FB2123402EE6435000602C58 /* Build configuration list for PBXNativeTarget "QOIParserTests" */ = {
			isa = XCConfigurationList;
			buildConfigurations = (
				FB2123412EE6435000602C58 /* Debug */,
				FB2123422EE6435000602C58 /* Release */,
			);
			defaultConfigurationIsVisible = 0;
			defaultConfigurationName = Release;
		};
		FB2123432EE6435000602C58 /* Build configuration list for PBXNativeTarget "QOIParserUITests" */ = {
			isa = XCConfigurationList;
			buildConfigurations = (
				FB2123442EE6435000602C58 /* Debug */,
				FB2123452EE6435000602C58 /* Release */,
			);
			defaultConfigurationIsVisible = 0;
			defaultConfigurationName = Release;
		};
/* End XCConfigurationList section */

/* Begin XCRemoteSwiftPackageReference section */
		FB21234A2EE70EEA00602C58 /* XCRemoteSwiftPackageReference "swift-binary-parsing" */ = {
			isa = XCRemoteSwiftPackageReference;
			repositoryURL = "https://github.com/apple/swift-binary-parsing";
			requirement = {
				kind = upToNextMajorVersion;
				minimumVersion = 0.0.1;
			};
		};
		FB2123592EE711A800602C58 /* XCRemoteSwiftPackageReference "idd-log4-swift" */ = {
			isa = XCRemoteSwiftPackageReference;
			repositoryURL = "https://github.com/kdeda/idd-log4-swift.git";
			requirement = {
				kind = upToNextMajorVersion;
				minimumVersion = 2.2.6;
			};
		};
		FB21235C2EE711EE00602C58 /* XCRemoteSwiftPackageReference "idd-swift" */ = {
			isa = XCRemoteSwiftPackageReference;
			repositoryURL = "https://github.com/kdeda/idd-swift.git";
			requirement = {
				kind = upToNextMajorVersion;
				minimumVersion = 2.6.2;
			};
		};
/* End XCRemoteSwiftPackageReference section */

/* Begin XCSwiftPackageProductDependency section */
		FB21234B2EE70EEA00602C58 /* BinaryParsing */ = {
			isa = XCSwiftPackageProductDependency;
			package = FB21234A2EE70EEA00602C58 /* XCRemoteSwiftPackageReference "swift-binary-parsing" */;
			productName = BinaryParsing;
		};
		FB21235A2EE711A800602C58 /* Log4swift */ = {
			isa = XCSwiftPackageProductDependency;
			package = FB2123592EE711A800602C58 /* XCRemoteSwiftPackageReference "idd-log4-swift" */;
			productName = Log4swift;
		};
		FB21235D2EE711EE00602C58 /* IDDSwift */ = {
			isa = XCSwiftPackageProductDependency;
			package = FB21235C2EE711EE00602C58 /* XCRemoteSwiftPackageReference "idd-swift" */;
			productName = IDDSwift;
		};
/* End XCSwiftPackageProductDependency section */
	};
	rootObject = FB2123142EE6434F00602C58 /* Project object */;
}
